
Microsoft Visual Studio Solution File, Format Version 11.00
# Visual Studio 2010
# SharpDevelop 5.1
Project("{FAE04EC0-301F-11D3-BF4B-00C04F79EFBC}") = "SimpleGames.TwentyOne", "SimpleGames.TwentyOne\SimpleGames.TwentyOne.csproj", "{DF8D2BBC-87F5-44B4-AF14-F67A7B9DBFC9}"
EndProject
Global
	GlobalSection(SolutionConfigurationPlatforms) = preSolution
		Debug|Any CPU = Debug|Any CPU
		Release|Any CPU = Release|Any CPU
	EndGlobalSection
	GlobalSection(ProjectConfigurationPlatforms) = postSolution
		{DF8D2BBC-87F5-44B4-AF14-F67A7B9DBFC9}.Debug|Any CPU.ActiveCfg = Debug|Any CPU
		{DF8D2BBC-87F5-44B4-AF14-F67A7B9DBFC9}.Debug|Any CPU.Build.0 = Debug|Any CPU
		{DF8D2BBC-87F5-44B4-AF14-F67A7B9DBFC9}.Release|Any CPU.ActiveCfg = Release|Any CPU
		{DF8D2BBC-87F5-44B4-AF14-F67A7B9DBFC9}.Release|Any CPU.Build.0 = Release|Any CPU
	EndGlobalSection
EndGlobal
